
Microsoft Visual Studio Solution File, Format Version 12.00
# Visual Studio 15
VisualStudioVersion = 15.0.28010.2026
MinimumVisualStudioVersion = 10.0.40219.1
Project("{FAE04EC0-301F-11D3-BF4B-00C04F79EFBC}") = "FileRenamer", "FileRenamer\FileRenamer.csproj", "{2047AEBA-59C9-4582-A62F-059A8C1FF621}"
EndProject
Global
	GlobalSection(SolutionConfigurationPlatforms) = preSolution
		Debug|Any CPU = Debug|Any CPU
		Release|Any CPU = Release|Any CPU
	EndGlobalSection
	GlobalSection(ProjectConfigurationPlatforms) = postSolution
		{2047AEBA-59C9-4582-A62F-059A8C1FF621}.Debug|Any CPU.ActiveCfg = Debug|Any CPU
		{2047AEBA-59C9-4582-A62F-059A8C1FF621}.Debug|Any CPU.Build.0 = Debug|Any CPU
		{2047AEBA-59C9-4582-A62F-059A8C1FF621}.Release|Any CPU.ActiveCfg = Release|Any CPU
		{2047AEBA-59C9-4582-A62F-059A8C1FF621}.Release|Any CPU.Build.0 = Release|Any CPU
	EndGlobalSection
	GlobalSection(SolutionProperties) = preSolution
		HideSolutionNode = FALSE
	EndGlobalSection
	GlobalSection(ExtensibilityGlobals) = postSolution
		SolutionGuid = {A6ADD2EE-FE13-4B1B-B446-9A2CD5DA77B9}
	EndGlobalSection
EndGlobal
